{
  "name": "relay-lsp",
  "version": "1.0.0",
  "lockfileVersion": 2,
  "requires": true,
  "packages": {
    "": {
      "name": "relay-lsp",
      "version": "1.0.0",
      "license": "MIT",
      "dependencies": {
        "relay-compiler": "^20.1.1"
      }
    },
    "node_modules/relay-compiler": {
      "version": "20.1.1",
      "resolved": "https://registry.npmjs.org/relay-compiler/-/relay-compiler-20.1.1.tgz",
      "integrity": "sha512-J/FFFLS/3vnbDkyQMw8l3Ev7dNHXMgC1RAs0fITz4Q63TFPOw142knKxY1Mm5ZZBABkAs9g2JghXaqM+phwTxw==",
      "license": "MIT",
      "bin": {
        "relay-compiler": "cli.js"
      }
    }
  },
  "dependencies": {
    "relay-compiler": {
      "version": "20.1.1",
      "resolved": "https://registry.npmjs.org/relay-compiler/-/relay-compiler-20.1.1.tgz",
      "integrity": "sha512-J/FFFLS/3vnbDkyQMw8l3Ev7dNHXMgC1RAs0fITz4Q63TFPOw142knKxY1Mm5ZZBABkAs9g2JghXaqM+phwTxw=="
    }
  }
}
